
Microsoft Visual Studio Solution File, Format Version 12.00
# Visual Studio Version 17
VisualStudioVersion = 17.4.33122.133
MinimumVisualStudioVersion = 10.0.40219.1
Project("{FAE04EC0-301F-11D3-BF4B-00C04F79EFBC}") = "API_GIT_TEST", "API_GIT_TEST\API_GIT_TEST.csproj", "{865598B1-EA57-4420-9F6C-630B621BB915}"
EndProject
Project("{FAE04EC0-301F-11D3-BF4B-00C04F79EFBC}") = "DAL", "DAL\DAL.csproj", "{6352532E-A096-4FBA-A9CC-5DA0FD18BF17}"
EndProject
Project("{FAE04EC0-301F-11D3-BF4B-00C04F79EFBC}") = "BLL", "BLL\BLL.csproj", "{380D8B51-0BE7-4FE4-9F0E-F3C0AEF0B319}"
EndProject
Global
	GlobalSection(SolutionConfigurationPlatforms) = preSolution
		Debug|Any CPU = Debug|Any CPU
		Release|Any CPU = Release|Any CPU
	EndGlobalSection
	GlobalSection(ProjectConfigurationPlatforms) = postSolution
		{865598B1-EA57-4420-9F6C-630B621BB915}.Debug|Any CPU.ActiveCfg = Debug|Any CPU
		{865598B1-EA57-4420-9F6C-630B621BB915}.Debug|Any CPU.Build.0 = Debug|Any CPU
		{865598B1-EA57-4420-9F6C-630B621BB915}.Release|Any CPU.ActiveCfg = Release|Any CPU
		{865598B1-EA57-4420-9F6C-630B621BB915}.Release|Any CPU.Build.0 = Release|Any CPU
		{6352532E-A096-4FBA-A9CC-5DA0FD18BF17}.Debug|Any CPU.ActiveCfg = Debug|Any CPU
		{6352532E-A096-4FBA-A9CC-5DA0FD18BF17}.Debug|Any CPU.Build.0 = Debug|Any CPU
		{6352532E-A096-4FBA-A9CC-5DA0FD18BF17}.Release|Any CPU.ActiveCfg = Release|Any CPU
		{6352532E-A096-4FBA-A9CC-5DA0FD18BF17}.Release|Any CPU.Build.0 = Release|Any CPU
		{380D8B51-0BE7-4FE4-9F0E-F3C0AEF0B319}.Debug|Any CPU.ActiveCfg = Debug|Any CPU
		{380D8B51-0BE7-4FE4-9F0E-F3C0AEF0B319}.Debug|Any CPU.Build.0 = Debug|Any CPU
		{380D8B51-0BE7-4FE4-9F0E-F3C0AEF0B319}.Release|Any CPU.ActiveCfg = Release|Any CPU
		{380D8B51-0BE7-4FE4-9F0E-F3C0AEF0B319}.Release|Any CPU.Build.0 = Release|Any CPU
	EndGlobalSection
	GlobalSection(SolutionProperties) = preSolution
		HideSolutionNode = FALSE
	EndGlobalSection
	GlobalSection(ExtensibilityGlobals) = postSolution
		SolutionGuid = {9F628E82-0E7E-4936-B234-1F27CA316B3C}
	EndGlobalSection
EndGlobal
